
Microsoft Visual Studio Solution File, Format Version 12.00
# Visual Studio Version 17
VisualStudioVersion = 17.9.34728.123
MinimumVisualStudioVersion = 10.0.40219.1
Project("{9A19103F-16F7-4668-BE54-9A1E7A4F7556}") = "VEGEFOODS", "VEGEFOODS.csproj", "{C778968B-05AD-4BE4-8302-4E923B79000C}"
EndProject
Global
	GlobalSection(SolutionConfigurationPlatforms) = preSolution
		Debug|Any CPU = Debug|Any CPU
		Release|Any CPU = Release|Any CPU
	EndGlobalSection
	GlobalSection(ProjectConfigurationPlatforms) = postSolution
		{C778968B-05AD-4BE4-8302-4E923B79000C}.Debug|Any CPU.ActiveCfg = Debug|Any CPU
		{C778968B-05AD-4BE4-8302-4E923B79000C}.Debug|Any CPU.Build.0 = Debug|Any CPU
		{C778968B-05AD-4BE4-8302-4E923B79000C}.Release|Any CPU.ActiveCfg = Release|Any CPU
		{C778968B-05AD-4BE4-8302-4E923B79000C}.Release|Any CPU.Build.0 = Release|Any CPU
	EndGlobalSection
	GlobalSection(SolutionProperties) = preSolution
		HideSolutionNode = FALSE
	EndGlobalSection
	GlobalSection(ExtensibilityGlobals) = postSolution
		SolutionGuid = {AF53E583-09B5-4826-A02F-C4C4249678F4}
	EndGlobalSection
EndGlobal
